// !$*UTF8*$!
{
	archiveVersion = 1;
	classes = {
	};
	objectVersion = 55;
	objects = {

/* Begin PBXBuildFile section */
		E96516B028CA577300E28180 /* MainButton.swift in Sources */ = {isa = PBXBuildFile; fileRef = E96516AF28CA577300E28180 /* MainButton.swift */; };
		E96E6D7B2A3E1EE20020A761 /* CardsView.swift in Sources */ = {isa = PBXBuildFile; fileRef = E96E6D7A2A3E1EE20020A761 /* CardsView.swift */; };
		E9A296712778A02D00FE7260 /* SwiftUI_HelperApp.swift in Sources */ = {isa = PBXBuildFile; fileRef = E9A296702778A02D00FE7260 /* SwiftUI_HelperApp.swift */; };
		E9A296732778A02D00FE7260 /* MainView.swift in Sources */ = {isa = PBXBuildFile; fileRef = E9A296722778A02D00FE7260 /* MainView.swift */; };
		E9A296752778A02E00FE7260 /* Assets.xcassets in Resources */ = {isa = PBXBuildFile; fileRef = E9A296742778A02E00FE7260 /* Assets.xcassets */; };
		E9A296782778A02E00FE7260 /* Preview Assets.xcassets in Resources */ = {isa = PBXBuildFile; fileRef = E9A296772778A02E00FE7260 /* Preview Assets.xcassets */; };
		E9A296832778A22C00FE7260 /* TextEditorView.swift in Sources */ = {isa = PBXBuildFile; fileRef = E9A296822778A22C00FE7260 /* TextEditorView.swift */; };
		E9A296852778A77A00FE7260 /* TextEditView.swift in Sources */ = {isa = PBXBuildFile; fileRef = E9A296842778A77A00FE7260 /* TextEditView.swift */; };
		E9F3811C2B28839D003B7720 /* PickerScreenView.swift in Sources */ = {isa = PBXBuildFile; fileRef = E9F3811B2B28839D003B7720 /* PickerScreenView.swift */; };
		E9F3811F2B2883DB003B7720 /* SegmentControl.swift in Sources */ = {isa = PBXBuildFile; fileRef = E9F3811E2B2883DB003B7720 /* SegmentControl.swift */; };
		E9F381222B288432003B7720 /* Segment.swift in Sources */ = {isa = PBXBuildFile; fileRef = E9F381212B288432003B7720 /* Segment.swift */; };
		E9F381242B288552003B7720 /* PickerContent.swift in Sources */ = {isa = PBXBuildFile; fileRef = E9F381232B288552003B7720 /* PickerContent.swift */; };
		E9F381262B288678003B7720 /* FirstView.swift in Sources */ = {isa = PBXBuildFile; fileRef = E9F381252B288678003B7720 /* FirstView.swift */; };
		E9F381292B2886C7003B7720 /* HelperSwiftUI in Frameworks */ = {isa = PBXBuildFile; productRef = E9F381282B2886C7003B7720 /* HelperSwiftUI */; };
		E9F3812B2B2888A8003B7720 /* Step.swift in Sources */ = {isa = PBXBuildFile; fileRef = E9F3812A2B2888A8003B7720 /* Step.swift */; };
		E9F3812D2B288B82003B7720 /* SecondView.swift in Sources */ = {isa = PBXBuildFile; fileRef = E9F3812C2B288B82003B7720 /* SecondView.swift */; };
		E9F381312B28A77D003B7720 /* KPIndex.swift in Sources */ = {isa = PBXBuildFile; fileRef = E9F381302B28A77D003B7720 /* KPIndex.swift */; };
		EB04500E2CC68A2800B89C31 /* PaginationScrollView.swift in Sources */ = {isa = PBXBuildFile; fileRef = EB04500D2CC68A2700B89C31 /* PaginationScrollView.swift */; };
		EB0450102CC68A9300B89C31 /* ErrorPaginationView.swift in Sources */ = {isa = PBXBuildFile; fileRef = EB04500F2CC68A9200B89C31 /* ErrorPaginationView.swift */; };
		EB0450132CC68BE800B89C31 /* TestScrollViewModel.swift in Sources */ = {isa = PBXBuildFile; fileRef = EB0450122CC68BE000B89C31 /* TestScrollViewModel.swift */; };
		EB0450152CC68C0900B89C31 /* TestScrollView.swift in Sources */ = {isa = PBXBuildFile; fileRef = EB0450142CC68C0900B89C31 /* TestScrollView.swift */; };
		EB113C8F2CBAC7C000AE6F83 /* TestBaseButtonView.swift in Sources */ = {isa = PBXBuildFile; fileRef = EB113C8E2CBAC7C000AE6F83 /* TestBaseButtonView.swift */; };
		EB113C922CBAC7E400AE6F83 /* TestBaseButtonViewModel.swift in Sources */ = {isa = PBXBuildFile; fileRef = EB113C912CBAC7E100AE6F83 /* TestBaseButtonViewModel.swift */; };
		EB25B5762CBA87DC0036669C /* BaseButton.swift in Sources */ = {isa = PBXBuildFile; fileRef = EB25B5752CBA87DC0036669C /* BaseButton.swift */; };
		EB428D592CC2ED2400BCCAC4 /* BaseButtonState.swift in Sources */ = {isa = PBXBuildFile; fileRef = EB428D582CC2ED2300BCCAC4 /* BaseButtonState.swift */; };
		EB428D5D2CC2EDD000BCCAC4 /* MainButtonStyle.swift in Sources */ = {isa = PBXBuildFile; fileRef = EB428D5C2CC2EDCF00BCCAC4 /* MainButtonStyle.swift */; };
		EB428D5F2CC2EDF900BCCAC4 /* BaseButtonStyle.swift in Sources */ = {isa = PBXBuildFile; fileRef = EB428D5E2CC2EDF800BCCAC4 /* BaseButtonStyle.swift */; };
		EB428D622CC2EE5200BCCAC4 /* LoaderView.swift in Sources */ = {isa = PBXBuildFile; fileRef = EB428D612CC2EE5100BCCAC4 /* LoaderView.swift */; };
		EB428D642CC2EFA100BCCAC4 /* ActivityIndicator.swift in Sources */ = {isa = PBXBuildFile; fileRef = EB428D632CC2EFA000BCCAC4 /* ActivityIndicator.swift */; };
		EB428D662CC2F03600BCCAC4 /* View+Ext.swift in Sources */ = {isa = PBXBuildFile; fileRef = EB428D652CC2F03100BCCAC4 /* View+Ext.swift */; };
		EB4914C82CB30F8D00AFEE08 /* ColoredBorder.swift in Sources */ = {isa = PBXBuildFile; fileRef = EB4914C72CB30F8C00AFEE08 /* ColoredBorder.swift */; };
		EB4914CA2CB311B700AFEE08 /* TextView.swift in Sources */ = {isa = PBXBuildFile; fileRef = EB4914C92CB311B700AFEE08 /* TextView.swift */; };
		EB54391E2CC6D1200029396F /* ScrollPaginationState.swift in Sources */ = {isa = PBXBuildFile; fileRef = EB54391D2CC6D11F0029396F /* ScrollPaginationState.swift */; };
/* End PBXBuildFile section */

/* Begin PBXFileReference section */
		E96516AF28CA577300E28180 /* MainButton.swift */ = {isa = PBXFileReference; lastKnownFileType = sourcecode.swift; path = MainButton.swift; sourceTree = "<group>"; };
		E96E6D7A2A3E1EE20020A761 /* CardsView.swift */ = {isa = PBXFileReference; lastKnownFileType = sourcecode.swift; path = CardsView.swift; sourceTree = "<group>"; };
		E9A2966D2778A02D00FE7260 /* SwiftUI-Helper.app */ = {isa = PBXFileReference; explicitFileType = wrapper.application; includeInIndex = 0; path = "SwiftUI-Helper.app"; sourceTree = BUILT_PRODUCTS_DIR; };
		E9A296702778A02D00FE7260 /* SwiftUI_HelperApp.swift */ = {isa = PBXFileReference; lastKnownFileType = sourcecode.swift; path = SwiftUI_HelperApp.swift; sourceTree = "<group>"; };
		E9A296722778A02D00FE7260 /* MainView.swift */ = {isa = PBXFileReference; lastKnownFileType = sourcecode.swift; path = MainView.swift; sourceTree = "<group>"; };
		E9A296742778A02E00FE7260 /* Assets.xcassets */ = {isa = PBXFileReference; lastKnownFileType = folder.assetcatalog; path = Assets.xcassets; sourceTree = "<group>"; };
		E9A296772778A02E00FE7260 /* Preview Assets.xcassets */ = {isa = PBXFileReference; lastKnownFileType = folder.assetcatalog; path = "Preview Assets.xcassets"; sourceTree = "<group>"; };
		E9A296822778A22C00FE7260 /* TextEditorView.swift */ = {isa = PBXFileReference; lastKnownFileType = sourcecode.swift; path = TextEditorView.swift; sourceTree = "<group>"; };
		E9A296842778A77A00FE7260 /* TextEditView.swift */ = {isa = PBXFileReference; lastKnownFileType = sourcecode.swift; path = TextEditView.swift; sourceTree = "<group>"; };
		E9F3811B2B28839D003B7720 /* PickerScreenView.swift */ = {isa = PBXFileReference; lastKnownFileType = sourcecode.swift; path = PickerScreenView.swift; sourceTree = "<group>"; };
		E9F3811E2B2883DB003B7720 /* SegmentControl.swift */ = {isa = PBXFileReference; lastKnownFileType = sourcecode.swift; path = SegmentControl.swift; sourceTree = "<group>"; };
		E9F381212B288432003B7720 /* Segment.swift */ = {isa = PBXFileReference; lastKnownFileType = sourcecode.swift; path = Segment.swift; sourceTree = "<group>"; };
		E9F381232B288552003B7720 /* PickerContent.swift */ = {isa = PBXFileReference; lastKnownFileType = sourcecode.swift; path = PickerContent.swift; sourceTree = "<group>"; };
		E9F381252B288678003B7720 /* FirstView.swift */ = {isa = PBXFileReference; lastKnownFileType = sourcecode.swift; path = FirstView.swift; sourceTree = "<group>"; };
		E9F3812A2B2888A8003B7720 /* Step.swift */ = {isa = PBXFileReference; lastKnownFileType = sourcecode.swift; path = Step.swift; sourceTree = "<group>"; };
		E9F3812C2B288B82003B7720 /* SecondView.swift */ = {isa = PBXFileReference; lastKnownFileType = sourcecode.swift; path = SecondView.swift; sourceTree = "<group>"; };
		E9F381302B28A77D003B7720 /* KPIndex.swift */ = {isa = PBXFileReference; lastKnownFileType = sourcecode.swift; path = KPIndex.swift; sourceTree = "<group>"; };
		EB04500D2CC68A2700B89C31 /* PaginationScrollView.swift */ = {isa = PBXFileReference; lastKnownFileType = sourcecode.swift; path = PaginationScrollView.swift; sourceTree = "<group>"; };
		EB04500F2CC68A9200B89C31 /* ErrorPaginationView.swift */ = {isa = PBXFileReference; lastKnownFileType = sourcecode.swift; path = ErrorPaginationView.swift; sourceTree = "<group>"; };
		EB0450122CC68BE000B89C31 /* TestScrollViewModel.swift */ = {isa = PBXFileReference; lastKnownFileType = sourcecode.swift; path = TestScrollViewModel.swift; sourceTree = "<group>"; };
		EB0450142CC68C0900B89C31 /* TestScrollView.swift */ = {isa = PBXFileReference; lastKnownFileType = sourcecode.swift; path = TestScrollView.swift; sourceTree = "<group>"; };
		EB113C8E2CBAC7C000AE6F83 /* TestBaseButtonView.swift */ = {isa = PBXFileReference; lastKnownFileType = sourcecode.swift; path = TestBaseButtonView.swift; sourceTree = "<group>"; };
		EB113C912CBAC7E100AE6F83 /* TestBaseButtonViewModel.swift */ = {isa = PBXFileReference; lastKnownFileType = sourcecode.swift; path = TestBaseButtonViewModel.swift; sourceTree = "<group>"; };
		EB25B5752CBA87DC0036669C /* BaseButton.swift */ = {isa = PBXFileReference; lastKnownFileType = sourcecode.swift; path = BaseButton.swift; sourceTree = "<group>"; };
		EB428D582CC2ED2300BCCAC4 /* BaseButtonState.swift */ = {isa = PBXFileReference; lastKnownFileType = sourcecode.swift; path = BaseButtonState.swift; sourceTree = "<group>"; };
		EB428D5C2CC2EDCF00BCCAC4 /* MainButtonStyle.swift */ = {isa = PBXFileReference; lastKnownFileType = sourcecode.swift; path = MainButtonStyle.swift; sourceTree = "<group>"; };
		EB428D5E2CC2EDF800BCCAC4 /* BaseButtonStyle.swift */ = {isa = PBXFileReference; lastKnownFileType = sourcecode.swift; path = BaseButtonStyle.swift; sourceTree = "<group>"; };
		EB428D612CC2EE5100BCCAC4 /* LoaderView.swift */ = {isa = PBXFileReference; lastKnownFileType = sourcecode.swift; path = LoaderView.swift; sourceTree = "<group>"; };
		EB428D632CC2EFA000BCCAC4 /* ActivityIndicator.swift */ = {isa = PBXFileReference; lastKnownFileType = sourcecode.swift; path = ActivityIndicator.swift; sourceTree = "<group>"; };
		EB428D652CC2F03100BCCAC4 /* View+Ext.swift */ = {isa = PBXFileReference; lastKnownFileType = sourcecode.swift; path = "View+Ext.swift"; sourceTree = "<group>"; };
		EB4914C72CB30F8C00AFEE08 /* ColoredBorder.swift */ = {isa = PBXFileReference; lastKnownFileType = sourcecode.swift; path = ColoredBorder.swift; sourceTree = "<group>"; };
		EB4914C92CB311B700AFEE08 /* TextView.swift */ = {isa = PBXFileReference; lastKnownFileType = sourcecode.swift; path = TextView.swift; sourceTree = "<group>"; };
		EB54391D2CC6D11F0029396F /* ScrollPaginationState.swift */ = {isa = PBXFileReference; lastKnownFileType = sourcecode.swift; path = ScrollPaginationState.swift; sourceTree = "<group>"; };
/* End PBXFileReference section */

/* Begin PBXFrameworksBuildPhase section */
		E9A2966A2778A02D00FE7260 /* Frameworks */ = {
			isa = PBXFrameworksBuildPhase;
			buildActionMask = 2147483647;
			files = (
				E9F381292B2886C7003B7720 /* HelperSwiftUI in Frameworks */,
			);
			runOnlyForDeploymentPostprocessing = 0;
		};
/* End PBXFrameworksBuildPhase section */

/* Begin PBXGroup section */
		E96516B328CA57B200E28180 /* Buttons */ = {
			isa = PBXGroup;
			children = (
				EB25B5752CBA87DC0036669C /* BaseButton.swift */,
				E96516AF28CA577300E28180 /* MainButton.swift */,
				EB428D5B2CC2EDBF00BCCAC4 /* Styles */,
			);
			path = Buttons;
			sourceTree = "<group>";
		};
		E96516B428CA57BF00E28180 /* TextEditors */ = {
			isa = PBXGroup;
			children = (
				E9A296822778A22C00FE7260 /* TextEditorView.swift */,
			);
			path = TextEditors;
			sourceTree = "<group>";
		};
		E96516B528CA57EB00E28180 /* Helpers */ = {
			isa = PBXGroup;
			children = (
				EB7626992CAC72E600A58C33 /* Extensions */,
				EB4914C62CB30EB700AFEE08 /* ViewModifiers */,
			);
			path = Helpers;
			sourceTree = "<group>";
		};
		E9A296642778A02C00FE7260 = {
			isa = PBXGroup;
			children = (
				E9A2966F2778A02D00FE7260 /* SwiftUI-Helper */,
				E9A2966E2778A02D00FE7260 /* Products */,
			);
			sourceTree = "<group>";
		};
		E9A2966E2778A02D00FE7260 /* Products */ = {
			isa = PBXGroup;
			children = (
				E9A2966D2778A02D00FE7260 /* SwiftUI-Helper.app */,
			);
			name = Products;
			sourceTree = "<group>";
		};
		E9A2966F2778A02D00FE7260 /* SwiftUI-Helper */ = {
			isa = PBXGroup;
			children = (
				E9A2967E2778A07200FE7260 /* App */,
				EB428D5A2CC2ED6700BCCAC4 /* Resources */,
				E96516B528CA57EB00E28180 /* Helpers */,
				E9F381202B28840A003B7720 /* Models */,
				E9A2967F2778A0DC00FE7260 /* Modules */,
				E9A296802778A1C700FE7260 /* Components */,
				E9A296762778A02E00FE7260 /* Preview Content */,
			);
			path = "SwiftUI-Helper";
			sourceTree = "<group>";
		};
		E9A296762778A02E00FE7260 /* Preview Content */ = {
			isa = PBXGroup;
			children = (
				E9A296772778A02E00FE7260 /* Preview Assets.xcassets */,
			);
			path = "Preview Content";
			sourceTree = "<group>";
		};
		E9A2967E2778A07200FE7260 /* App */ = {
			isa = PBXGroup;
			children = (
				E9A296702778A02D00FE7260 /* SwiftUI_HelperApp.swift */,
			);
			path = App;
			sourceTree = "<group>";
		};
		E9A2967F2778A0DC00FE7260 /* Modules */ = {
			isa = PBXGroup;
			children = (
				EB0450112CC68BD200B89C31 /* TestScrollView */,
				EB113C902CBAC7D900AE6F83 /* TestBaseButton */,
				E9F3811D2B2883C8003B7720 /* PickerScreen */,
				E9A296722778A02D00FE7260 /* MainView.swift */,
				E9A296842778A77A00FE7260 /* TextEditView.swift */,
				E96E6D7A2A3E1EE20020A761 /* CardsView.swift */,
				EB4914C92CB311B700AFEE08 /* TextView.swift */,
			);
			path = Modules;
			sourceTree = "<group>";
		};
		E9A296802778A1C700FE7260 /* Components */ = {
			isa = PBXGroup;
			children = (
				EB54391C2CC6D0AA0029396F /* ErrorViews */,
				EB04500C2CC68A1B00B89C31 /* ScrollViews */,
				EB428D602CC2EE3F00BCCAC4 /* Loaders */,
				E9F3812E2B289A0E003B7720 /* Controls */,
				E96516B328CA57B200E28180 /* Buttons */,
				E96516B428CA57BF00E28180 /* TextEditors */,
			);
			path = Components;
			sourceTree = "<group>";
		};
		E9F3811D2B2883C8003B7720 /* PickerScreen */ = {
			isa = PBXGroup;
			children = (
				E9F3811B2B28839D003B7720 /* PickerScreenView.swift */,
				E9F3812F2B289A36003B7720 /* Views */,
			);
			path = PickerScreen;
			sourceTree = "<group>";
		};
		E9F381202B28840A003B7720 /* Models */ = {
			isa = PBXGroup;
			children = (
				EB54391D2CC6D11F0029396F /* ScrollPaginationState.swift */,
				EB428D582CC2ED2300BCCAC4 /* BaseButtonState.swift */,
				E9F381212B288432003B7720 /* Segment.swift */,
				E9F3812A2B2888A8003B7720 /* Step.swift */,
				E9F381302B28A77D003B7720 /* KPIndex.swift */,
			);
			path = Models;
			sourceTree = "<group>";
		};
		E9F3812E2B289A0E003B7720 /* Controls */ = {
			isa = PBXGroup;
			children = (
				E9F3811E2B2883DB003B7720 /* SegmentControl.swift */,
			);
			path = Controls;
			sourceTree = "<group>";
		};
		E9F3812F2B289A36003B7720 /* Views */ = {
			isa = PBXGroup;
			children = (
				E9F381232B288552003B7720 /* PickerContent.swift */,
				E9F381252B288678003B7720 /* FirstView.swift */,
				E9F3812C2B288B82003B7720 /* SecondView.swift */,
			);
			path = Views;
			sourceTree = "<group>";
		};
		EB04500C2CC68A1B00B89C31 /* ScrollViews */ = {
			isa = PBXGroup;
			children = (
				EB04500D2CC68A2700B89C31 /* PaginationScrollView.swift */,
			);
			path = ScrollViews;
			sourceTree = "<group>";
		};
		EB0450112CC68BD200B89C31 /* TestScrollView */ = {
			isa = PBXGroup;
			children = (
				EB0450142CC68C0900B89C31 /* TestScrollView.swift */,
				EB0450122CC68BE000B89C31 /* TestScrollViewModel.swift */,
			);
			path = TestScrollView;
			sourceTree = "<group>";
		};
		EB113C902CBAC7D900AE6F83 /* TestBaseButton */ = {
			isa = PBXGroup;
			children = (
				EB113C8E2CBAC7C000AE6F83 /* TestBaseButtonView.swift */,
				EB113C912CBAC7E100AE6F83 /* TestBaseButtonViewModel.swift */,
			);
			path = TestBaseButton;
			sourceTree = "<group>";
		};
		EB428D5A2CC2ED6700BCCAC4 /* Resources */ = {
			isa = PBXGroup;
			children = (
				E9A296742778A02E00FE7260 /* Assets.xcassets */,
			);
			path = Resources;
			sourceTree = "<group>";
		};
		EB428D5B2CC2EDBF00BCCAC4 /* Styles */ = {
			isa = PBXGroup;
			children = (
				EB428D5C2CC2EDCF00BCCAC4 /* MainButtonStyle.swift */,
				EB428D5E2CC2EDF800BCCAC4 /* BaseButtonStyle.swift */,
			);
			path = Styles;
			sourceTree = "<group>";
		};
		EB428D602CC2EE3F00BCCAC4 /* Loaders */ = {
			isa = PBXGroup;
			children = (
				EB428D632CC2EFA000BCCAC4 /* ActivityIndicator.swift */,
				EB428D612CC2EE5100BCCAC4 /* LoaderView.swift */,
			);
			path = Loaders;
			sourceTree = "<group>";
		};
		EB4914C62CB30EB700AFEE08 /* ViewModifiers */ = {
			isa = PBXGroup;
			children = (
				EB4914C72CB30F8C00AFEE08 /* ColoredBorder.swift */,
			);
			path = ViewModifiers;
			sourceTree = "<group>";
		};
		EB54391C2CC6D0AA0029396F /* ErrorViews */ = {
			isa = PBXGroup;
			children = (
				EB04500F2CC68A9200B89C31 /* ErrorPaginationView.swift */,
			);
			path = ErrorViews;
			sourceTree = "<group>";
		};
		EB7626992CAC72E600A58C33 /* Extensions */ = {
			isa = PBXGroup;
			children = (
				EB428D652CC2F03100BCCAC4 /* View+Ext.swift */,
			);
			path = Extensions;
			sourceTree = "<group>";
		};
/* End PBXGroup section */

/* Begin PBXNativeTarget section */
		E9A2966C2778A02D00FE7260 /* SwiftUI-Helper */ = {
			isa = PBXNativeTarget;
			buildConfigurationList = E9A2967B2778A02E00FE7260 /* Build configuration list for PBXNativeTarget "SwiftUI-Helper" */;
			buildPhases = (
				E9A296692778A02D00FE7260 /* Sources */,
				E9A2966A2778A02D00FE7260 /* Frameworks */,
				E9A2966B2778A02D00FE7260 /* Resources */,
			);
			buildRules = (
			);
			dependencies = (
			);
			name = "SwiftUI-Helper";
			packageProductDependencies = (
				E9F381282B2886C7003B7720 /* HelperSwiftUI */,
			);
			productName = "SwiftUI-Helper";
			productReference = E9A2966D2778A02D00FE7260 /* SwiftUI-Helper.app */;
			productType = "com.apple.product-type.application";
		};
/* End PBXNativeTarget section */

/* Begin PBXProject section */
		E9A296652778A02C00FE7260 /* Project object */ = {
			isa = PBXProject;
			attributes = {
				BuildIndependentTargetsInParallel = 1;
				LastSwiftUpdateCheck = 1310;
				LastUpgradeCheck = 1500;
				TargetAttributes = {
					E9A2966C2778A02D00FE7260 = {
						CreatedOnToolsVersion = 13.1;
					};
				};
			};
			buildConfigurationList = E9A296682778A02C00FE7260 /* Build configuration list for PBXProject "SwiftUI-Helper" */;
			compatibilityVersion = "Xcode 13.0";
			developmentRegion = en;
			hasScannedForEncodings = 0;
			knownRegions = (
				en,
				Base,
			);
			mainGroup = E9A296642778A02C00FE7260;
			packageReferences = (
				E9F381272B2886C7003B7720 /* XCRemoteSwiftPackageReference "HelperForSwiftUI" */,
			);
			productRefGroup = E9A2966E2778A02D00FE7260 /* Products */;
			projectDirPath = "";
			projectRoot = "";
			targets = (
				E9A2966C2778A02D00FE7260 /* SwiftUI-Helper */,
			);
		};
/* End PBXProject section */

/* Begin PBXResourcesBuildPhase section */
		E9A2966B2778A02D00FE7260 /* Resources */ = {
			isa = PBXResourcesBuildPhase;
			buildActionMask = 2147483647;
			files = (
				E9A296782778A02E00FE7260 /* Preview Assets.xcassets in Resources */,
				E9A296752778A02E00FE7260 /* Assets.xcassets in Resources */,
			);
			runOnlyForDeploymentPostprocessing = 0;
		};
/* End PBXResourcesBuildPhase section */

/* Begin PBXSourcesBuildPhase section */
		E9A296692778A02D00FE7260 /* Sources */ = {
			isa = PBXSourcesBuildPhase;
			buildActionMask = 2147483647;
			files = (
				E9F3812D2B288B82003B7720 /* SecondView.swift in Sources */,
				E96E6D7B2A3E1EE20020A761 /* CardsView.swift in Sources */,
				E9F381312B28A77D003B7720 /* KPIndex.swift in Sources */,
				E9F381262B288678003B7720 /* FirstView.swift in Sources */,
				EB428D642CC2EFA100BCCAC4 /* ActivityIndicator.swift in Sources */,
				EB25B5762CBA87DC0036669C /* BaseButton.swift in Sources */,
				EB428D622CC2EE5200BCCAC4 /* LoaderView.swift in Sources */,
				EB0450132CC68BE800B89C31 /* TestScrollViewModel.swift in Sources */,
				EB04500E2CC68A2800B89C31 /* PaginationScrollView.swift in Sources */,
				EB428D662CC2F03600BCCAC4 /* View+Ext.swift in Sources */,
				EB428D592CC2ED2400BCCAC4 /* BaseButtonState.swift in Sources */,
				E9F381222B288432003B7720 /* Segment.swift in Sources */,
				E9A296732778A02D00FE7260 /* MainView.swift in Sources */,
				E9F3811C2B28839D003B7720 /* PickerScreenView.swift in Sources */,
				E9A296712778A02D00FE7260 /* SwiftUI_HelperApp.swift in Sources */,
				E9A296832778A22C00FE7260 /* TextEditorView.swift in Sources */,
				EB0450102CC68A9300B89C31 /* ErrorPaginationView.swift in Sources */,
				EB113C922CBAC7E400AE6F83 /* TestBaseButtonViewModel.swift in Sources */,
				E9F381242B288552003B7720 /* PickerContent.swift in Sources */,
				EB428D5D2CC2EDD000BCCAC4 /* MainButtonStyle.swift in Sources */,
				EB428D5F2CC2EDF900BCCAC4 /* BaseButtonStyle.swift in Sources */,
				EB4914C82CB30F8D00AFEE08 /* ColoredBorder.swift in Sources */,
				E9A296852778A77A00FE7260 /* TextEditView.swift in Sources */,
				E96516B028CA577300E28180 /* MainButton.swift in Sources */,
				EB4914CA2CB311B700AFEE08 /* TextView.swift in Sources */,
				EB0450152CC68C0900B89C31 /* TestScrollView.swift in Sources */,
				E9F3812B2B2888A8003B7720 /* Step.swift in Sources */,
				E9F3811F2B2883DB003B7720 /* SegmentControl.swift in Sources */,
				EB54391E2CC6D1200029396F /* ScrollPaginationState.swift in Sources */,
				EB113C8F2CBAC7C000AE6F83 /* TestBaseButtonView.swift in Sources */,
			);
			runOnlyForDeploymentPostprocessing = 0;
		};
/* End PBXSourcesBuildPhase section */

/* Begin XCBuildConfiguration section */
		E9A296792778A02E00FE7260 /* Debug */ = {
			isa = XCBuildConfiguration;
			buildSettings = {
				ALWAYS_SEARCH_USER_PATHS = NO;
				ASSETCATALOG_COMPILER_GENERATE_SWIFT_ASSET_SYMBOL_EXTENSIONS = YES;
				CLANG_ANALYZER_NONNULL = YES;
				CLANG_ANALYZER_NUMBER_OBJECT_CONVERSION = YES_AGGRESSIVE;
				CLANG_CXX_LANGUAGE_STANDARD = "gnu++17";
				CLANG_CXX_LIBRARY = "libc++";
				CLANG_ENABLE_MODULES = YES;
				CLANG_ENABLE_OBJC_ARC = YES;
				CLANG_ENABLE_OBJC_WEAK = YES;
				CLANG_WARN_BLOCK_CAPTURE_AUTORELEASING = YES;
				CLANG_WARN_BOOL_CONVERSION = YES;
				CLANG_WARN_COMMA = YES;
				CLANG_WARN_CONSTANT_CONVERSION = YES;
				CLANG_WARN_DEPRECATED_OBJC_IMPLEMENTATIONS = YES;
				CLANG_WARN_DIRECT_OBJC_ISA_USAGE = YES_ERROR;
				CLANG_WARN_DOCUMENTATION_COMMENTS = YES;
				CLANG_WARN_EMPTY_BODY = YES;
				CLANG_WARN_ENUM_CONVERSION = YES;
				CLANG_WARN_INFINITE_RECURSION = YES;
				CLANG_WARN_INT_CONVERSION = YES;
				CLANG_WARN_NON_LITERAL_NULL_CONVERSION = YES;
				CLANG_WARN_OBJC_IMPLICIT_RETAIN_SELF = YES;
				CLANG_WARN_OBJC_LITERAL_CONVERSION = YES;
				CLANG_WARN_OBJC_ROOT_CLASS = YES_ERROR;
				CLANG_WARN_QUOTED_INCLUDE_IN_FRAMEWORK_HEADER = YES;
				CLANG_WARN_RANGE_LOOP_ANALYSIS = YES;
				CLANG_WARN_STRICT_PROTOTYPES = YES;
				CLANG_WARN_SUSPICIOUS_MOVE = YES;
				CLANG_WARN_UNGUARDED_AVAILABILITY = YES_AGGRESSIVE;
				CLANG_WARN_UNREACHABLE_CODE = YES;
				CLANG_WARN__DUPLICATE_METHOD_MATCH = YES;
				COPY_PHASE_STRIP = NO;
				DEBUG_INFORMATION_FORMAT = dwarf;
				ENABLE_STRICT_OBJC_MSGSEND = YES;
				ENABLE_TESTABILITY = YES;
				ENABLE_USER_SCRIPT_SANDBOXING = YES;
				GCC_C_LANGUAGE_STANDARD = gnu11;
				GCC_DYNAMIC_NO_PIC = NO;
				GCC_NO_COMMON_BLOCKS = YES;
				GCC_OPTIMIZATION_LEVEL = 0;
				GCC_PREPROCESSOR_DEFINITIONS = (
					"DEBUG=1",
					"$(inherited)",
				);
				GCC_WARN_64_TO_32_BIT_CONVERSION = YES;
				GCC_WARN_ABOUT_RETURN_TYPE = YES_ERROR;
				GCC_WARN_UNDECLARED_SELECTOR = YES;
				GCC_WARN_UNINITIALIZED_AUTOS = YES_AGGRESSIVE;
				GCC_WARN_UNUSED_FUNCTION = YES;
				GCC_WARN_UNUSED_VARIABLE = YES;
				IPHONEOS_DEPLOYMENT_TARGET = 17.0;
				MTL_ENABLE_DEBUG_INFO = INCLUDE_SOURCE;
				MTL_FAST_MATH = YES;
				ONLY_ACTIVE_ARCH = YES;
				SDKROOT = iphoneos;
				SWIFT_ACTIVE_COMPILATION_CONDITIONS = DEBUG;
				SWIFT_OPTIMIZATION_LEVEL = "-Onone";
			};
			name = Debug;
		};
		E9A2967A2778A02E00FE7260 /* Release */ = {
			isa = XCBuildConfiguration;
			buildSettings = {
				ALWAYS_SEARCH_USER_PATHS = NO;
				ASSETCATALOG_COMPILER_GENERATE_SWIFT_ASSET_SYMBOL_EXTENSIONS = YES;
				CLANG_ANALYZER_NONNULL = YES;
				CLANG_ANALYZER_NUMBER_OBJECT_CONVERSION = YES_AGGRESSIVE;
				CLANG_CXX_LANGUAGE_STANDARD = "gnu++17";
				CLANG_CXX_LIBRARY = "libc++";
				CLANG_ENABLE_MODULES = YES;
				CLANG_ENABLE_OBJC_ARC = YES;
				CLANG_ENABLE_OBJC_WEAK = YES;
				CLANG_WARN_BLOCK_CAPTURE_AUTORELEASING = YES;
				CLANG_WARN_BOOL_CONVERSION = YES;
				CLANG_WARN_COMMA = YES;
				CLANG_WARN_CONSTANT_CONVERSION = YES;
				CLANG_WARN_DEPRECATED_OBJC_IMPLEMENTATIONS = YES;
				CLANG_WARN_DIRECT_OBJC_ISA_USAGE = YES_ERROR;
				CLANG_WARN_DOCUMENTATION_COMMENTS = YES;
				CLANG_WARN_EMPTY_BODY = YES;
				CLANG_WARN_ENUM_CONVERSION = YES;
				CLANG_WARN_INFINITE_RECURSION = YES;
				CLANG_WARN_INT_CONVERSION = YES;
				CLANG_WARN_NON_LITERAL_NULL_CONVERSION = YES;
				CLANG_WARN_OBJC_IMPLICIT_RETAIN_SELF = YES;
				CLANG_WARN_OBJC_LITERAL_CONVERSION = YES;
				CLANG_WARN_OBJC_ROOT_CLASS = YES_ERROR;
				CLANG_WARN_QUOTED_INCLUDE_IN_FRAMEWORK_HEADER = YES;
				CLANG_WARN_RANGE_LOOP_ANALYSIS = YES;
				CLANG_WARN_STRICT_PROTOTYPES = YES;
				CLANG_WARN_SUSPICIOUS_MOVE = YES;
				CLANG_WARN_UNGUARDED_AVAILABILITY = YES_AGGRESSIVE;
				CLANG_WARN_UNREACHABLE_CODE = YES;
				CLANG_WARN__DUPLICATE_METHOD_MATCH = YES;
				COPY_PHASE_STRIP = NO;
				DEBUG_INFORMATION_FORMAT = "dwarf-with-dsym";
				ENABLE_NS_ASSERTIONS = NO;
				ENABLE_STRICT_OBJC_MSGSEND = YES;
				ENABLE_USER_SCRIPT_SANDBOXING = YES;
				GCC_C_LANGUAGE_STANDARD = gnu11;
				GCC_NO_COMMON_BLOCKS = YES;
				GCC_WARN_64_TO_32_BIT_CONVERSION = YES;
				GCC_WARN_ABOUT_RETURN_TYPE = YES_ERROR;
				GCC_WARN_UNDECLARED_SELECTOR = YES;
				GCC_WARN_UNINITIALIZED_AUTOS = YES_AGGRESSIVE;
				GCC_WARN_UNUSED_FUNCTION = YES;
				GCC_WARN_UNUSED_VARIABLE = YES;
				IPHONEOS_DEPLOYMENT_TARGET = 17.0;
				MTL_ENABLE_DEBUG_INFO = NO;
				MTL_FAST_MATH = YES;
				SDKROOT = iphoneos;
				SWIFT_COMPILATION_MODE = wholemodule;
				SWIFT_OPTIMIZATION_LEVEL = "-O";
				VALIDATE_PRODUCT = YES;
			};
			name = Release;
		};
		E9A2967C2778A02E00FE7260 /* Debug */ = {
			isa = XCBuildConfiguration;
			buildSettings = {
				ASSETCATALOG_COMPILER_APPICON_NAME = AppIcon;
				ASSETCATALOG_COMPILER_GLOBAL_ACCENT_COLOR_NAME = AccentColor;
				CODE_SIGN_STYLE = Automatic;
				CURRENT_PROJECT_VERSION = 1;
				DEVELOPMENT_ASSET_PATHS = "\"SwiftUI-Helper/Preview Content\"";
				DEVELOPMENT_TEAM = 63455GEHLW;
				ENABLE_PREVIEWS = YES;
				GENERATE_INFOPLIST_FILE = YES;
				INFOPLIST_KEY_UIApplicationSceneManifest_Generation = YES;
				INFOPLIST_KEY_UIApplicationSupportsIndirectInputEvents = YES;
				INFOPLIST_KEY_UILaunchScreen_Generation = YES;
				INFOPLIST_KEY_UISupportedInterfaceOrientations = UIInterfaceOrientationPortrait;
				INFOPLIST_KEY_UISupportedInterfaceOrientations_iPad = "UIInterfaceOrientationLandscapeLeft UIInterfaceOrientationLandscapeRight UIInterfaceOrientationPortrait UIInterfaceOrientationPortraitUpsideDown";
				IPHONEOS_DEPLOYMENT_TARGET = 16.0;
				LD_RUNPATH_SEARCH_PATHS = (
					"$(inherited)",
					"@executable_path/Frameworks",
				);
				MARKETING_VERSION = 1.0;
				PRODUCT_BUNDLE_IDENTIFIER = "com.pkoyushev.SwiftUI-Helper";
				PRODUCT_NAME = "$(TARGET_NAME)";
				SUPPORTED_PLATFORMS = "iphoneos iphonesimulator";
				SUPPORTS_MACCATALYST = NO;
				SUPPORTS_MAC_DESIGNED_FOR_IPHONE_IPAD = NO;
				SWIFT_EMIT_LOC_STRINGS = YES;
				SWIFT_VERSION = 5.0;
				TARGETED_DEVICE_FAMILY = 1;
			};
			name = Debug;
		};
		E9A2967D2778A02E00FE7260 /* Release */ = {
			isa = XCBuildConfiguration;
			buildSettings = {
				ASSETCATALOG_COMPILER_APPICON_NAME = AppIcon;
				ASSETCATALOG_COMPILER_GLOBAL_ACCENT_COLOR_NAME = AccentColor;
				CODE_SIGN_STYLE = Automatic;
				CURRENT_PROJECT_VERSION = 1;
				DEVELOPMENT_ASSET_PATHS = "\"SwiftUI-Helper/Preview Content\"";
				DEVELOPMENT_TEAM = 63455GEHLW;
				ENABLE_PREVIEWS = YES;
				GENERATE_INFOPLIST_FILE = YES;
				INFOPLIST_KEY_UIApplicationSceneManifest_Generation = YES;
				INFOPLIST_KEY_UIApplicationSupportsIndirectInputEvents = YES;
				INFOPLIST_KEY_UILaunchScreen_Generation = YES;
				INFOPLIST_KEY_UISupportedInterfaceOrientations = UIInterfaceOrientationPortrait;
				INFOPLIST_KEY_UISupportedInterfaceOrientations_iPad = "UIInterfaceOrientationLandscapeLeft UIInterfaceOrientationLandscapeRight UIInterfaceOrientationPortrait UIInterfaceOrientationPortraitUpsideDown";
				IPHONEOS_DEPLOYMENT_TARGET = 16.0;
				LD_RUNPATH_SEARCH_PATHS = (
					"$(inherited)",
					"@executable_path/Frameworks",
				);
				MARKETING_VERSION = 1.0;
				PRODUCT_BUNDLE_IDENTIFIER = "com.pkoyushev.SwiftUI-Helper";
				PRODUCT_NAME = "$(TARGET_NAME)";
				SUPPORTED_PLATFORMS = "iphoneos iphonesimulator";
				SUPPORTS_MACCATALYST = NO;
				SUPPORTS_MAC_DESIGNED_FOR_IPHONE_IPAD = NO;
				SWIFT_EMIT_LOC_STRINGS = YES;
				SWIFT_VERSION = 5.0;
				TARGETED_DEVICE_FAMILY = 1;
			};
			name = Release;
		};
/* End XCBuildConfiguration section */

/* Begin XCConfigurationList section */
		E9A296682778A02C00FE7260 /* Build configuration list for PBXProject "SwiftUI-Helper" */ = {
			isa = XCConfigurationList;
			buildConfigurations = (
				E9A296792778A02E00FE7260 /* Debug */,
				E9A2967A2778A02E00FE7260 /* Release */,
			);
			defaultConfigurationIsVisible = 0;
			defaultConfigurationName = Release;
		};
		E9A2967B2778A02E00FE7260 /* Build configuration list for PBXNativeTarget "SwiftUI-Helper" */ = {
			isa = XCConfigurationList;
			buildConfigurations = (
				E9A2967C2778A02E00FE7260 /* Debug */,
				E9A2967D2778A02E00FE7260 /* Release */,
			);
			defaultConfigurationIsVisible = 0;
			defaultConfigurationName = Release;
		};
/* End XCConfigurationList section */

/* Begin XCRemoteSwiftPackageReference section */
		E9F381272B2886C7003B7720 /* XCRemoteSwiftPackageReference "HelperForSwiftUI" */ = {
			isa = XCRemoteSwiftPackageReference;
			repositoryURL = "https://github.com/PavelKoyushev/HelperForSwiftUI";
			requirement = {
				branch = main;
				kind = branch;
			};
		};
/* End XCRemoteSwiftPackageReference section */

/* Begin XCSwiftPackageProductDependency section */
		E9F381282B2886C7003B7720 /* HelperSwiftUI */ = {
			isa = XCSwiftPackageProductDependency;
			package = E9F381272B2886C7003B7720 /* XCRemoteSwiftPackageReference "HelperForSwiftUI" */;
			productName = HelperSwiftUI;
		};
/* End XCSwiftPackageProductDependency section */
	};
	rootObject = E9A296652778A02C00FE7260 /* Project object */;
}
